// !$*UTF8*$!
{
	archiveVersion = 1;
	classes = {
	};
	objectVersion = 50;
	objects = {

/* Begin PBXBuildFile section */
		F3ACF3852571495700BB4739 /* AppDelegate.swift in Sources */ = {isa = PBXBuildFile; fileRef = F3ACF3842571495700BB4739 /* AppDelegate.swift */; };
		F3ACF3872571495700BB4739 /* SceneDelegate.swift in Sources */ = {isa = PBXBuildFile; fileRef = F3ACF3862571495700BB4739 /* SceneDelegate.swift */; };
		F3ACF3892571495700BB4739 /* ViewController.swift in Sources */ = {isa = PBXBuildFile; fileRef = F3ACF3882571495700BB4739 /* ViewController.swift */; };
		F3ACF38C2571495700BB4739 /* Main.storyboard in Resources */ = {isa = PBXBuildFile; fileRef = F3ACF38A2571495700BB4739 /* Main.storyboard */; };
		F3ACF38E2571495900BB4739 /* Assets.xcassets in Resources */ = {isa = PBXBuildFile; fileRef = F3ACF38D2571495900BB4739 /* Assets.xcassets */; };
		F3ACF3912571495900BB4739 /* LaunchScreen.storyboard in Resources */ = {isa = PBXBuildFile; fileRef = F3ACF38F2571495900BB4739 /* LaunchScreen.storyboard */; };
		F3ACF3962571495900BB4739 /* RosAtomApp WatchKit App.app in Embed Watch Content */ = {isa = PBXBuildFile; fileRef = F3ACF3952571495900BB4739 /* RosAtomApp WatchKit App.app */; settings = {ATTRIBUTES = (RemoveHeadersOnCopy, ); }; };
		F3ACF39C2571495900BB4739 /* Interface.storyboard in Resources */ = {isa = PBXBuildFile; fileRef = F3ACF39A2571495900BB4739 /* Interface.storyboard */; };
		F3ACF39E2571495B00BB4739 /* Assets.xcassets in Resources */ = {isa = PBXBuildFile; fileRef = F3ACF39D2571495B00BB4739 /* Assets.xcassets */; };
		F3ACF3A52571495C00BB4739 /* RosAtomApp WatchKit Extension.appex in Embed App Extensions */ = {isa = PBXBuildFile; fileRef = F3ACF3A42571495C00BB4739 /* RosAtomApp WatchKit Extension.appex */; settings = {ATTRIBUTES = (RemoveHeadersOnCopy, ); }; };
		F3ACF3AA2571495C00BB4739 /* NewTaskInterfaceController.swift in Sources */ = {isa = PBXBuildFile; fileRef = F3ACF3A92571495C00BB4739 /* NewTaskInterfaceController.swift */; };
		F3ACF3AC2571495C00BB4739 /* ExtensionDelegate.swift in Sources */ = {isa = PBXBuildFile; fileRef = F3ACF3AB2571495C00BB4739 /* ExtensionDelegate.swift */; };
		F3ACF3AE2571495C00BB4739 /* NotificationController.swift in Sources */ = {isa = PBXBuildFile; fileRef = F3ACF3AD2571495C00BB4739 /* NotificationController.swift */; };
		F3ACF3B02571495C00BB4739 /* ComplicationController.swift in Sources */ = {isa = PBXBuildFile; fileRef = F3ACF3AF2571495C00BB4739 /* ComplicationController.swift */; };
		F3ACF3B22571495E00BB4739 /* Assets.xcassets in Resources */ = {isa = PBXBuildFile; fileRef = F3ACF3B12571495E00BB4739 /* Assets.xcassets */; };
		F3ACF3C6257153C100BB4739 /* LaunchInterfaceController.swift in Sources */ = {isa = PBXBuildFile; fileRef = F3ACF3C5257153C100BB4739 /* LaunchInterfaceController.swift */; };
		F3ACF3CE257158C000BB4739 /* TaskListInterfaceController.swift in Sources */ = {isa = PBXBuildFile; fileRef = F3ACF3CD257158C000BB4739 /* TaskListInterfaceController.swift */; };
		F3ACF3E125719A6700BB4739 /* Tabbar.swift in Sources */ = {isa = PBXBuildFile; fileRef = F3ACF3E025719A6600BB4739 /* Tabbar.swift */; };
/* End PBXBuildFile section */

/* Begin PBXContainerItemProxy section */
		F3ACF3972571495900BB4739 /* PBXContainerItemProxy */ = {
			isa = PBXContainerItemProxy;
			containerPortal = F3ACF3792571495700BB4739 /* Project object */;
			proxyType = 1;
			remoteGlobalIDString = F3ACF3942571495900BB4739;
			remoteInfo = "RosAtomApp WatchKit App";
		};
		F3ACF3A62571495C00BB4739 /* PBXContainerItemProxy */ = {
			isa = PBXContainerItemProxy;
			containerPortal = F3ACF3792571495700BB4739 /* Project object */;
			proxyType = 1;
			remoteGlobalIDString = F3ACF3A32571495C00BB4739;
			remoteInfo = "RosAtomApp WatchKit Extension";
		};
/* End PBXContainerItemProxy section */

/* Begin PBXCopyFilesBuildPhase section */
		F3ACF3BA2571495E00BB4739 /* Embed App Extensions */ = {
			isa = PBXCopyFilesBuildPhase;
			buildActionMask = 2147483647;
			dstPath = "";
			dstSubfolderSpec = 13;
			files = (
				F3ACF3A52571495C00BB4739 /* RosAtomApp WatchKit Extension.appex in Embed App Extensions */,
			);
			name = "Embed App Extensions";
			runOnlyForDeploymentPostprocessing = 0;
		};
		F3ACF3BE2571495E00BB4739 /* Embed Watch Content */ = {
			isa = PBXCopyFilesBuildPhase;
			buildActionMask = 2147483647;
			dstPath = "$(CONTENTS_FOLDER_PATH)/Watch";
			dstSubfolderSpec = 16;
			files = (
				F3ACF3962571495900BB4739 /* RosAtomApp WatchKit App.app in Embed Watch Content */,
			);
			name = "Embed Watch Content";
			runOnlyForDeploymentPostprocessing = 0;
		};
/* End PBXCopyFilesBuildPhase section */

/* Begin PBXFileReference section */
		F3ACF3812571495700BB4739 /* RosAtomApp.app */ = {isa = PBXFileReference; explicitFileType = wrapper.application; includeInIndex = 0; path = RosAtomApp.app; sourceTree = BUILT_PRODUCTS_DIR; };
		F3ACF3842571495700BB4739 /* AppDelegate.swift */ = {isa = PBXFileReference; lastKnownFileType = sourcecode.swift; path = AppDelegate.swift; sourceTree = "<group>"; };
		F3ACF3862571495700BB4739 /* SceneDelegate.swift */ = {isa = PBXFileReference; lastKnownFileType = sourcecode.swift; path = SceneDelegate.swift; sourceTree = "<group>"; };
		F3ACF3882571495700BB4739 /* ViewController.swift */ = {isa = PBXFileReference; lastKnownFileType = sourcecode.swift; path = ViewController.swift; sourceTree = "<group>"; };
		F3ACF38B2571495700BB4739 /* Base */ = {isa = PBXFileReference; lastKnownFileType = file.storyboard; name = Base; path = Base.lproj/Main.storyboard; sourceTree = "<group>"; };
		F3ACF38D2571495900BB4739 /* Assets.xcassets */ = {isa = PBXFileReference; lastKnownFileType = folder.assetcatalog; path = Assets.xcassets; sourceTree = "<group>"; };
		F3ACF3902571495900BB4739 /* Base */ = {isa = PBXFileReference; lastKnownFileType = file.storyboard; name = Base; path = Base.lproj/LaunchScreen.storyboard; sourceTree = "<group>"; };
		F3ACF3922571495900BB4739 /* Info.plist */ = {isa = PBXFileReference; lastKnownFileType = text.plist.xml; path = Info.plist; sourceTree = "<group>"; };
		F3ACF3952571495900BB4739 /* RosAtomApp WatchKit App.app */ = {isa = PBXFileReference; explicitFileType = wrapper.application; includeInIndex = 0; path = "RosAtomApp WatchKit App.app"; sourceTree = BUILT_PRODUCTS_DIR; };
		F3ACF39B2571495900BB4739 /* Base */ = {isa = PBXFileReference; lastKnownFileType = file.storyboard; name = Base; path = Base.lproj/Interface.storyboard; sourceTree = "<group>"; };
		F3ACF39D2571495B00BB4739 /* Assets.xcassets */ = {isa = PBXFileReference; lastKnownFileType = folder.assetcatalog; path = Assets.xcassets; sourceTree = "<group>"; };
		F3ACF39F2571495B00BB4739 /* Info.plist */ = {isa = PBXFileReference; lastKnownFileType = text.plist.xml; path = Info.plist; sourceTree = "<group>"; };
		F3ACF3A42571495C00BB4739 /* RosAtomApp WatchKit Extension.appex */ = {isa = PBXFileReference; explicitFileType = "wrapper.app-extension"; includeInIndex = 0; path = "RosAtomApp WatchKit Extension.appex"; sourceTree = BUILT_PRODUCTS_DIR; };
		F3ACF3A92571495C00BB4739 /* NewTaskInterfaceController.swift */ = {isa = PBXFileReference; lastKnownFileType = sourcecode.swift; path = NewTaskInterfaceController.swift; sourceTree = "<group>"; };
		F3ACF3AB2571495C00BB4739 /* ExtensionDelegate.swift */ = {isa = PBXFileReference; lastKnownFileType = sourcecode.swift; path = ExtensionDelegate.swift; sourceTree = "<group>"; };
		F3ACF3AD2571495C00BB4739 /* NotificationController.swift */ = {isa = PBXFileReference; lastKnownFileType = sourcecode.swift; path = NotificationController.swift; sourceTree = "<group>"; };
		F3ACF3AF2571495C00BB4739 /* ComplicationController.swift */ = {isa = PBXFileReference; lastKnownFileType = sourcecode.swift; path = ComplicationController.swift; sourceTree = "<group>"; };
		F3ACF3B12571495E00BB4739 /* Assets.xcassets */ = {isa = PBXFileReference; lastKnownFileType = folder.assetcatalog; path = Assets.xcassets; sourceTree = "<group>"; };
		F3ACF3B32571495E00BB4739 /* Info.plist */ = {isa = PBXFileReference; lastKnownFileType = text.plist.xml; path = Info.plist; sourceTree = "<group>"; };
		F3ACF3B42571495E00BB4739 /* PushNotificationPayload.apns */ = {isa = PBXFileReference; lastKnownFileType = text; path = PushNotificationPayload.apns; sourceTree = "<group>"; };
		F3ACF3C5257153C100BB4739 /* LaunchInterfaceController.swift */ = {isa = PBXFileReference; lastKnownFileType = sourcecode.swift; path = LaunchInterfaceController.swift; sourceTree = "<group>"; };
		F3ACF3CD257158C000BB4739 /* TaskListInterfaceController.swift */ = {isa = PBXFileReference; lastKnownFileType = sourcecode.swift; path = TaskListInterfaceController.swift; sourceTree = "<group>"; };
		F3ACF3E025719A6600BB4739 /* Tabbar.swift */ = {isa = PBXFileReference; lastKnownFileType = sourcecode.swift; path = Tabbar.swift; sourceTree = "<group>"; };
/* End PBXFileReference section */

/* Begin PBXFrameworksBuildPhase section */
		F3ACF37E2571495700BB4739 /* Frameworks */ = {
			isa = PBXFrameworksBuildPhase;
			buildActionMask = 2147483647;
			files = (
			);
			runOnlyForDeploymentPostprocessing = 0;
		};
		F3ACF3A12571495C00BB4739 /* Frameworks */ = {
			isa = PBXFrameworksBuildPhase;
			buildActionMask = 2147483647;
			files = (
			);
			runOnlyForDeploymentPostprocessing = 0;
		};
/* End PBXFrameworksBuildPhase section */

/* Begin PBXGroup section */
		F3ACF3782571495700BB4739 = {
			isa = PBXGroup;
			children = (
				F3ACF3832571495700BB4739 /* RosAtomApp */,
				F3ACF3992571495900BB4739 /* RosAtomApp WatchKit App */,
				F3ACF3A82571495C00BB4739 /* RosAtomApp WatchKit Extension */,
				F3ACF3822571495700BB4739 /* Products */,
			);
			sourceTree = "<group>";
		};
		F3ACF3822571495700BB4739 /* Products */ = {
			isa = PBXGroup;
			children = (
				F3ACF3812571495700BB4739 /* RosAtomApp.app */,
				F3ACF3952571495900BB4739 /* RosAtomApp WatchKit App.app */,
				F3ACF3A42571495C00BB4739 /* RosAtomApp WatchKit Extension.appex */,
			);
			name = Products;
			sourceTree = "<group>";
		};
		F3ACF3832571495700BB4739 /* RosAtomApp */ = {
			isa = PBXGroup;
			children = (
				F3ACF3842571495700BB4739 /* AppDelegate.swift */,
				F3ACF3862571495700BB4739 /* SceneDelegate.swift */,
				F3ACF3882571495700BB4739 /* ViewController.swift */,
				F3ACF38A2571495700BB4739 /* Main.storyboard */,
				F3ACF38D2571495900BB4739 /* Assets.xcassets */,
				F3ACF38F2571495900BB4739 /* LaunchScreen.storyboard */,
				F3ACF3922571495900BB4739 /* Info.plist */,
				F3ACF3E025719A6600BB4739 /* Tabbar.swift */,
			);
			path = RosAtomApp;
			sourceTree = "<group>";
		};
		F3ACF3992571495900BB4739 /* RosAtomApp WatchKit App */ = {
			isa = PBXGroup;
			children = (
				F3ACF39A2571495900BB4739 /* Interface.storyboard */,
				F3ACF39D2571495B00BB4739 /* Assets.xcassets */,
				F3ACF39F2571495B00BB4739 /* Info.plist */,
			);
			path = "RosAtomApp WatchKit App";
			sourceTree = "<group>";
		};
		F3ACF3A82571495C00BB4739 /* RosAtomApp WatchKit Extension */ = {
			isa = PBXGroup;
			children = (
				F3ACF3A92571495C00BB4739 /* NewTaskInterfaceController.swift */,
				F3ACF3C5257153C100BB4739 /* LaunchInterfaceController.swift */,
				F3ACF3CD257158C000BB4739 /* TaskListInterfaceController.swift */,
				F3ACF3AB2571495C00BB4739 /* ExtensionDelegate.swift */,
				F3ACF3AD2571495C00BB4739 /* NotificationController.swift */,
				F3ACF3AF2571495C00BB4739 /* ComplicationController.swift */,
				F3ACF3B12571495E00BB4739 /* Assets.xcassets */,
				F3ACF3B32571495E00BB4739 /* Info.plist */,
				F3ACF3B42571495E00BB4739 /* PushNotificationPayload.apns */,
			);
			path = "RosAtomApp WatchKit Extension";
			sourceTree = "<group>";
		};
/* End PBXGroup section */

/* Begin PBXNativeTarget section */
		F3ACF3802571495700BB4739 /* RosAtomApp */ = {
			isa = PBXNativeTarget;
			buildConfigurationList = F3ACF3BF2571495E00BB4739 /* Build configuration list for PBXNativeTarget "RosAtomApp" */;
			buildPhases = (
				F3ACF37D2571495700BB4739 /* Sources */,
				F3ACF37E2571495700BB4739 /* Frameworks */,
				F3ACF37F2571495700BB4739 /* Resources */,
				F3ACF3BE2571495E00BB4739 /* Embed Watch Content */,
			);
			buildRules = (
			);
			dependencies = (
				F3ACF3982571495900BB4739 /* PBXTargetDependency */,
			);
			name = RosAtomApp;
			productName = RosAtomApp;
			productReference = F3ACF3812571495700BB4739 /* RosAtomApp.app */;
			productType = "com.apple.product-type.application";
		};
		F3ACF3942571495900BB4739 /* RosAtomApp WatchKit App */ = {
			isa = PBXNativeTarget;
			buildConfigurationList = F3ACF3BB2571495E00BB4739 /* Build configuration list for PBXNativeTarget "RosAtomApp WatchKit App" */;
			buildPhases = (
				F3ACF3932571495900BB4739 /* Resources */,
				F3ACF3BA2571495E00BB4739 /* Embed App Extensions */,
			);
			buildRules = (
			);
			dependencies = (
				F3ACF3A72571495C00BB4739 /* PBXTargetDependency */,
			);
			name = "RosAtomApp WatchKit App";
			productName = "RosAtomApp WatchKit App";
			productReference = F3ACF3952571495900BB4739 /* RosAtomApp WatchKit App.app */;
			productType = "com.apple.product-type.application.watchapp2";
		};
		F3ACF3A32571495C00BB4739 /* RosAtomApp WatchKit Extension */ = {
			isa = PBXNativeTarget;
			buildConfigurationList = F3ACF3B72571495E00BB4739 /* Build configuration list for PBXNativeTarget "RosAtomApp WatchKit Extension" */;
			buildPhases = (
				F3ACF3A02571495C00BB4739 /* Sources */,
				F3ACF3A12571495C00BB4739 /* Frameworks */,
				F3ACF3A22571495C00BB4739 /* Resources */,
			);
			buildRules = (
			);
			dependencies = (
			);
			name = "RosAtomApp WatchKit Extension";
			productName = "RosAtomApp WatchKit Extension";
			productReference = F3ACF3A42571495C00BB4739 /* RosAtomApp WatchKit Extension.appex */;
			productType = "com.apple.product-type.watchkit2-extension";
		};
/* End PBXNativeTarget section */

/* Begin PBXProject section */
		F3ACF3792571495700BB4739 /* Project object */ = {
			isa = PBXProject;
			attributes = {
				LastSwiftUpdateCheck = 1210;
				LastUpgradeCheck = 1210;
				TargetAttributes = {
					F3ACF3802571495700BB4739 = {
						CreatedOnToolsVersion = 12.1;
					};
					F3ACF3942571495900BB4739 = {
						CreatedOnToolsVersion = 12.1;
					};
					F3ACF3A32571495C00BB4739 = {
						CreatedOnToolsVersion = 12.1;
					};
				};
			};
			buildConfigurationList = F3ACF37C2571495700BB4739 /* Build configuration list for PBXProject "RosAtomApp" */;
			compatibilityVersion = "Xcode 9.3";
			developmentRegion = en;
			hasScannedForEncodings = 0;
			knownRegions = (
				en,
				Base,
			);
			mainGroup = F3ACF3782571495700BB4739;
			productRefGroup = F3ACF3822571495700BB4739 /* Products */;
			projectDirPath = "";
			projectRoot = "";
			targets = (
				F3ACF3802571495700BB4739 /* RosAtomApp */,
				F3ACF3942571495900BB4739 /* RosAtomApp WatchKit App */,
				F3ACF3A32571495C00BB4739 /* RosAtomApp WatchKit Extension */,
			);
		};
/* End PBXProject section */

/* Begin PBXResourcesBuildPhase section */
		F3ACF37F2571495700BB4739 /* Resources */ = {
			isa = PBXResourcesBuildPhase;
			buildActionMask = 2147483647;
			files = (
				F3ACF3912571495900BB4739 /* LaunchScreen.storyboard in Resources */,
				F3ACF38E2571495900BB4739 /* Assets.xcassets in Resources */,
				F3ACF38C2571495700BB4739 /* Main.storyboard in Resources */,
			);
			runOnlyForDeploymentPostprocessing = 0;
		};
		F3ACF3932571495900BB4739 /* Resources */ = {
			isa = PBXResourcesBuildPhase;
			buildActionMask = 2147483647;
			files = (
				F3ACF39E2571495B00BB4739 /* Assets.xcassets in Resources */,
				F3ACF39C2571495900BB4739 /* Interface.storyboard in Resources */,
			);
			runOnlyForDeploymentPostprocessing = 0;
		};
		F3ACF3A22571495C00BB4739 /* Resources */ = {
			isa = PBXResourcesBuildPhase;
			buildActionMask = 2147483647;
			files = (
				F3ACF3B22571495E00BB4739 /* Assets.xcassets in Resources */,
			);
			runOnlyForDeploymentPostprocessing = 0;
		};
/* End PBXResourcesBuildPhase section */

/* Begin PBXSourcesBuildPhase section */
		F3ACF37D2571495700BB4739 /* Sources */ = {
			isa = PBXSourcesBuildPhase;
			buildActionMask = 2147483647;
			files = (
				F3ACF3892571495700BB4739 /* ViewController.swift in Sources */,
				F3ACF3852571495700BB4739 /* AppDelegate.swift in Sources */,
				F3ACF3872571495700BB4739 /* SceneDelegate.swift in Sources */,
				F3ACF3E125719A6700BB4739 /* Tabbar.swift in Sources */,
			);
			runOnlyForDeploymentPostprocessing = 0;
		};
		F3ACF3A02571495C00BB4739 /* Sources */ = {
			isa = PBXSourcesBuildPhase;
			buildActionMask = 2147483647;
			files = (
				F3ACF3AE2571495C00BB4739 /* NotificationController.swift in Sources */,
				F3ACF3C6257153C100BB4739 /* LaunchInterfaceController.swift in Sources */,
				F3ACF3CE257158C000BB4739 /* TaskListInterfaceController.swift in Sources */,
				F3ACF3B02571495C00BB4739 /* ComplicationController.swift in Sources */,
				F3ACF3AC2571495C00BB4739 /* ExtensionDelegate.swift in Sources */,
				F3ACF3AA2571495C00BB4739 /* NewTaskInterfaceController.swift in Sources */,
			);
			runOnlyForDeploymentPostprocessing = 0;
		};
/* End PBXSourcesBuildPhase section */

/* Begin PBXTargetDependency section */
		F3ACF3982571495900BB4739 /* PBXTargetDependency */ = {
			isa = PBXTargetDependency;
			target = F3ACF3942571495900BB4739 /* RosAtomApp WatchKit App */;
			targetProxy = F3ACF3972571495900BB4739 /* PBXContainerItemProxy */;
		};
		F3ACF3A72571495C00BB4739 /* PBXTargetDependency */ = {
			isa = PBXTargetDependency;
			target = F3ACF3A32571495C00BB4739 /* RosAtomApp WatchKit Extension */;
			targetProxy = F3ACF3A62571495C00BB4739 /* PBXContainerItemProxy */;
		};
/* End PBXTargetDependency section */

/* Begin PBXVariantGroup section */
		F3ACF38A2571495700BB4739 /* Main.storyboard */ = {
			isa = PBXVariantGroup;
			children = (
				F3ACF38B2571495700BB4739 /* Base */,
			);
			name = Main.storyboard;
			sourceTree = "<group>";
		};
		F3ACF38F2571495900BB4739 /* LaunchScreen.storyboard */ = {
			isa = PBXVariantGroup;
			children = (
				F3ACF3902571495900BB4739 /* Base */,
			);
			name = LaunchScreen.storyboard;
			sourceTree = "<group>";
		};
		F3ACF39A2571495900BB4739 /* Interface.storyboard */ = {
			isa = PBXVariantGroup;
			children = (
				F3ACF39B2571495900BB4739 /* Base */,
			);
			name = Interface.storyboard;
			sourceTree = "<group>";
		};
/* End PBXVariantGroup section */

/* Begin XCBuildConfiguration section */
		F3ACF3B52571495E00BB4739 /* Debug */ = {
			isa = XCBuildConfiguration;
			buildSettings = {
				ALWAYS_SEARCH_USER_PATHS = NO;
				CLANG_ANALYZER_NONNULL = YES;
				CLANG_ANALYZER_NUMBER_OBJECT_CONVERSION = YES_AGGRESSIVE;
				CLANG_CXX_LANGUAGE_STANDARD = "gnu++14";
				CLANG_CXX_LIBRARY = "libc++";
				CLANG_ENABLE_MODULES = YES;
				CLANG_ENABLE_OBJC_ARC = YES;
				CLANG_ENABLE_OBJC_WEAK = YES;
				CLANG_WARN_BLOCK_CAPTURE_AUTORELEASING = YES;
				CLANG_WARN_BOOL_CONVERSION = YES;
				CLANG_WARN_COMMA = YES;
				CLANG_WARN_CONSTANT_CONVERSION = YES;
				CLANG_WARN_DEPRECATED_OBJC_IMPLEMENTATIONS = YES;
				CLANG_WARN_DIRECT_OBJC_ISA_USAGE = YES_ERROR;
				CLANG_WARN_DOCUMENTATION_COMMENTS = YES;
				CLANG_WARN_EMPTY_BODY = YES;
				CLANG_WARN_ENUM_CONVERSION = YES;
				CLANG_WARN_INFINITE_RECURSION = YES;
				CLANG_WARN_INT_CONVERSION = YES;
				CLANG_WARN_NON_LITERAL_NULL_CONVERSION = YES;
				CLANG_WARN_OBJC_IMPLICIT_RETAIN_SELF = YES;
				CLANG_WARN_OBJC_LITERAL_CONVERSION = YES;
				CLANG_WARN_OBJC_ROOT_CLASS = YES_ERROR;
				CLANG_WARN_QUOTED_INCLUDE_IN_FRAMEWORK_HEADER = YES;
				CLANG_WARN_RANGE_LOOP_ANALYSIS = YES;
				CLANG_WARN_STRICT_PROTOTYPES = YES;
				CLANG_WARN_SUSPICIOUS_MOVE = YES;
				CLANG_WARN_UNGUARDED_AVAILABILITY = YES_AGGRESSIVE;
				CLANG_WARN_UNREACHABLE_CODE = YES;
				CLANG_WARN__DUPLICATE_METHOD_MATCH = YES;
				COPY_PHASE_STRIP = NO;
				DEBUG_INFORMATION_FORMAT = dwarf;
				ENABLE_STRICT_OBJC_MSGSEND = YES;
				ENABLE_TESTABILITY = YES;
				GCC_C_LANGUAGE_STANDARD = gnu11;
				GCC_DYNAMIC_NO_PIC = NO;
				GCC_NO_COMMON_BLOCKS = YES;
				GCC_OPTIMIZATION_LEVEL = 0;
				GCC_PREPROCESSOR_DEFINITIONS = (
					"DEBUG=1",
					"$(inherited)",
				);
				GCC_WARN_64_TO_32_BIT_CONVERSION = YES;
				GCC_WARN_ABOUT_RETURN_TYPE = YES_ERROR;
				GCC_WARN_UNDECLARED_SELECTOR = YES;
				GCC_WARN_UNINITIALIZED_AUTOS = YES_AGGRESSIVE;
				GCC_WARN_UNUSED_FUNCTION = YES;
				GCC_WARN_UNUSED_VARIABLE = YES;
				MTL_ENABLE_DEBUG_INFO = INCLUDE_SOURCE;
				MTL_FAST_MATH = YES;
				ONLY_ACTIVE_ARCH = YES;
				SWIFT_ACTIVE_COMPILATION_CONDITIONS = DEBUG;
				SWIFT_OPTIMIZATION_LEVEL = "-Onone";
			};
			name = Debug;
		};
		F3ACF3B62571495E00BB4739 /* Release */ = {
			isa = XCBuildConfiguration;
			buildSettings = {
				ALWAYS_SEARCH_USER_PATHS = NO;
				CLANG_ANALYZER_NONNULL = YES;
				CLANG_ANALYZER_NUMBER_OBJECT_CONVERSION = YES_AGGRESSIVE;
				CLANG_CXX_LANGUAGE_STANDARD = "gnu++14";
				CLANG_CXX_LIBRARY = "libc++";
				CLANG_ENABLE_MODULES = YES;
				CLANG_ENABLE_OBJC_ARC = YES;
				CLANG_ENABLE_OBJC_WEAK = YES;
				CLANG_WARN_BLOCK_CAPTURE_AUTORELEASING = YES;
				CLANG_WARN_BOOL_CONVERSION = YES;
				CLANG_WARN_COMMA = YES;
				CLANG_WARN_CONSTANT_CONVERSION = YES;
				CLANG_WARN_DEPRECATED_OBJC_IMPLEMENTATIONS = YES;
				CLANG_WARN_DIRECT_OBJC_ISA_USAGE = YES_ERROR;
				CLANG_WARN_DOCUMENTATION_COMMENTS = YES;
				CLANG_WARN_EMPTY_BODY = YES;
				CLANG_WARN_ENUM_CONVERSION = YES;
				CLANG_WARN_INFINITE_RECURSION = YES;
				CLANG_WARN_INT_CONVERSION = YES;
				CLANG_WARN_NON_LITERAL_NULL_CONVERSION = YES;
				CLANG_WARN_OBJC_IMPLICIT_RETAIN_SELF = YES;
				CLANG_WARN_OBJC_LITERAL_CONVERSION = YES;
				CLANG_WARN_OBJC_ROOT_CLASS = YES_ERROR;
				CLANG_WARN_QUOTED_INCLUDE_IN_FRAMEWORK_HEADER = YES;
				CLANG_WARN_RANGE_LOOP_ANALYSIS = YES;
				CLANG_WARN_STRICT_PROTOTYPES = YES;
				CLANG_WARN_SUSPICIOUS_MOVE = YES;
				CLANG_WARN_UNGUARDED_AVAILABILITY = YES_AGGRESSIVE;
				CLANG_WARN_UNREACHABLE_CODE = YES;
				CLANG_WARN__DUPLICATE_METHOD_MATCH = YES;
				COPY_PHASE_STRIP = NO;
				DEBUG_INFORMATION_FORMAT = "dwarf-with-dsym";
				ENABLE_NS_ASSERTIONS = NO;
				ENABLE_STRICT_OBJC_MSGSEND = YES;
				GCC_C_LANGUAGE_STANDARD = gnu11;
				GCC_NO_COMMON_BLOCKS = YES;
				GCC_WARN_64_TO_32_BIT_CONVERSION = YES;
				GCC_WARN_ABOUT_RETURN_TYPE = YES_ERROR;
				GCC_WARN_UNDECLARED_SELECTOR = YES;
				GCC_WARN_UNINITIALIZED_AUTOS = YES_AGGRESSIVE;
				GCC_WARN_UNUSED_FUNCTION = YES;
				GCC_WARN_UNUSED_VARIABLE = YES;
				MTL_ENABLE_DEBUG_INFO = NO;
				MTL_FAST_MATH = YES;
				SWIFT_COMPILATION_MODE = wholemodule;
				SWIFT_OPTIMIZATION_LEVEL = "-O";
			};
			name = Release;
		};
		F3ACF3B82571495E00BB4739 /* Debug */ = {
			isa = XCBuildConfiguration;
			buildSettings = {
				ASSETCATALOG_COMPILER_COMPLICATION_NAME = Complication;
				CODE_SIGN_STYLE = Automatic;
				INFOPLIST_FILE = "RosAtomApp WatchKit Extension/Info.plist";
				LD_RUNPATH_SEARCH_PATHS = (
					"$(inherited)",
					"@executable_path/Frameworks",
					"@executable_path/../../Frameworks",
				);
				PRODUCT_BUNDLE_IDENTIFIER = com.test.RosAtomApp.watchkitapp.watchkitextension;
				PRODUCT_NAME = "${TARGET_NAME}";
				SDKROOT = watchos;
				SKIP_INSTALL = YES;
				SWIFT_VERSION = 5.0;
				TARGETED_DEVICE_FAMILY = 4;
				WATCHOS_DEPLOYMENT_TARGET = 7.0;
			};
			name = Debug;
		};
		F3ACF3B92571495E00BB4739 /* Release */ = {
			isa = XCBuildConfiguration;
			buildSettings = {
				ASSETCATALOG_COMPILER_COMPLICATION_NAME = Complication;
				CODE_SIGN_STYLE = Automatic;
				INFOPLIST_FILE = "RosAtomApp WatchKit Extension/Info.plist";
				LD_RUNPATH_SEARCH_PATHS = (
					"$(inherited)",
					"@executable_path/Frameworks",
					"@executable_path/../../Frameworks",
				);
				PRODUCT_BUNDLE_IDENTIFIER = com.test.RosAtomApp.watchkitapp.watchkitextension;
				PRODUCT_NAME = "${TARGET_NAME}";
				SDKROOT = watchos;
				SKIP_INSTALL = YES;
				SWIFT_VERSION = 5.0;
				TARGETED_DEVICE_FAMILY = 4;
				VALIDATE_PRODUCT = YES;
				WATCHOS_DEPLOYMENT_TARGET = 7.0;
			};
			name = Release;
		};
		F3ACF3BC2571495E00BB4739 /* Debug */ = {
			isa = XCBuildConfiguration;
			buildSettings = {
				ALWAYS_EMBED_SWIFT_STANDARD_LIBRARIES = YES;
				ASSETCATALOG_COMPILER_APPICON_NAME = AppIcon;
				ASSETCATALOG_COMPILER_GLOBAL_ACCENT_COLOR_NAME = AccentColor;
				CODE_SIGN_STYLE = Automatic;
				IBSC_MODULE = RosAtomApp_WatchKit_Extension;
				INFOPLIST_FILE = "RosAtomApp WatchKit App/Info.plist";
				PRODUCT_BUNDLE_IDENTIFIER = com.test.RosAtomApp.watchkitapp;
				PRODUCT_NAME = "$(TARGET_NAME)";
				SDKROOT = watchos;
				SKIP_INSTALL = YES;
				SWIFT_VERSION = 5.0;
				TARGETED_DEVICE_FAMILY = 4;
				WATCHOS_DEPLOYMENT_TARGET = 7.0;
			};
			name = Debug;
		};
		F3ACF3BD2571495E00BB4739 /* Release */ = {
			isa = XCBuildConfiguration;
			buildSettings = {
				ALWAYS_EMBED_SWIFT_STANDARD_LIBRARIES = YES;
				ASSETCATALOG_COMPILER_APPICON_NAME = AppIcon;
				ASSETCATALOG_COMPILER_GLOBAL_ACCENT_COLOR_NAME = AccentColor;
				CODE_SIGN_STYLE = Automatic;
				IBSC_MODULE = RosAtomApp_WatchKit_Extension;
				INFOPLIST_FILE = "RosAtomApp WatchKit App/Info.plist";
				PRODUCT_BUNDLE_IDENTIFIER = com.test.RosAtomApp.watchkitapp;
				PRODUCT_NAME = "$(TARGET_NAME)";
				SDKROOT = watchos;
				SKIP_INSTALL = YES;
				SWIFT_VERSION = 5.0;
				TARGETED_DEVICE_FAMILY = 4;
				VALIDATE_PRODUCT = YES;
				WATCHOS_DEPLOYMENT_TARGET = 7.0;
			};
			name = Release;
		};
		F3ACF3C02571495E00BB4739 /* Debug */ = {
			isa = XCBuildConfiguration;
			buildSettings = {
				ASSETCATALOG_COMPILER_APPICON_NAME = AppIcon;
				ASSETCATALOG_COMPILER_GLOBAL_ACCENT_COLOR_NAME = AccentColor;
				CODE_SIGN_STYLE = Automatic;
				INFOPLIST_FILE = RosAtomApp/Info.plist;
				IPHONEOS_DEPLOYMENT_TARGET = 14.1;
				LD_RUNPATH_SEARCH_PATHS = (
					"$(inherited)",
					"@executable_path/Frameworks",
				);
				PRODUCT_BUNDLE_IDENTIFIER = com.test.RosAtomApp;
				PRODUCT_NAME = "$(TARGET_NAME)";
				SDKROOT = iphoneos;
				SWIFT_VERSION = 5.0;
				TARGETED_DEVICE_FAMILY = "1,2";
			};
			name = Debug;
		};
		F3ACF3C12571495E00BB4739 /* Release */ = {
			isa = XCBuildConfiguration;
			buildSettings = {
				ASSETCATALOG_COMPILER_APPICON_NAME = AppIcon;
				ASSETCATALOG_COMPILER_GLOBAL_ACCENT_COLOR_NAME = AccentColor;
				CODE_SIGN_STYLE = Automatic;
				INFOPLIST_FILE = RosAtomApp/Info.plist;
				IPHONEOS_DEPLOYMENT_TARGET = 14.1;
				LD_RUNPATH_SEARCH_PATHS = (
					"$(inherited)",
					"@executable_path/Frameworks",
				);
				PRODUCT_BUNDLE_IDENTIFIER = com.test.RosAtomApp;
				PRODUCT_NAME = "$(TARGET_NAME)";
				SDKROOT = iphoneos;
				SWIFT_VERSION = 5.0;
				TARGETED_DEVICE_FAMILY = "1,2";
				VALIDATE_PRODUCT = YES;
			};
			name = Release;
		};
/* End XCBuildConfiguration section */

/* Begin XCConfigurationList section */
		F3ACF37C2571495700BB4739 /* Build configuration list for PBXProject "RosAtomApp" */ = {
			isa = XCConfigurationList;
			buildConfigurations = (
				F3ACF3B52571495E00BB4739 /* Debug */,
				F3ACF3B62571495E00BB4739 /* Release */,
			);
			defaultConfigurationIsVisible = 0;
			defaultConfigurationName = Release;
		};
		F3ACF3B72571495E00BB4739 /* Build configuration list for PBXNativeTarget "RosAtomApp WatchKit Extension" */ = {
			isa = XCConfigurationList;
			buildConfigurations = (
				F3ACF3B82571495E00BB4739 /* Debug */,
				F3ACF3B92571495E00BB4739 /* Release */,
			);
			defaultConfigurationIsVisible = 0;
			defaultConfigurationName = Release;
		};
		F3ACF3BB2571495E00BB4739 /* Build configuration list for PBXNativeTarget "RosAtomApp WatchKit App" */ = {
			isa = XCConfigurationList;
			buildConfigurations = (
				F3ACF3BC2571495E00BB4739 /* Debug */,
				F3ACF3BD2571495E00BB4739 /* Release */,
			);
			defaultConfigurationIsVisible = 0;
			defaultConfigurationName = Release;
		};
		F3ACF3BF2571495E00BB4739 /* Build configuration list for PBXNativeTarget "RosAtomApp" */ = {
			isa = XCConfigurationList;
			buildConfigurations = (
				F3ACF3C02571495E00BB4739 /* Debug */,
				F3ACF3C12571495E00BB4739 /* Release */,
			);
			defaultConfigurationIsVisible = 0;
			defaultConfigurationName = Release;
		};
/* End XCConfigurationList section */
	};
	rootObject = F3ACF3792571495700BB4739 /* Project object */;
}
